
Microsoft Visual Studio Solution File, Format Version 12.00
# Visual Studio Version 17
VisualStudioVersion = 17.13.35825.156 d17.13
MinimumVisualStudioVersion = 10.0.40219.1
Project("{FAE04EC0-301F-11D3-BF4B-00C04F79EFBC}") = "ConsoleApp1", "ConsoleApp1\ConsoleApp1.csproj", "{396CB5D3-F76F-40C7-A93E-637BF825AD65}"
EndProject
Global
	GlobalSection(SolutionConfigurationPlatforms) = preSolution
		Debug|Any CPU = Debug|Any CPU
		Release|Any CPU = Release|Any CPU
	EndGlobalSection
	GlobalSection(ProjectConfigurationPlatforms) = postSolution
		{396CB5D3-F76F-40C7-A93E-637BF825AD65}.Debug|Any CPU.ActiveCfg = Debug|Any CPU
		{396CB5D3-F76F-40C7-A93E-637BF825AD65}.Debug|Any CPU.Build.0 = Debug|Any CPU
		{396CB5D3-F76F-40C7-A93E-637BF825AD65}.Release|Any CPU.ActiveCfg = Release|Any CPU
		{396CB5D3-F76F-40C7-A93E-637BF825AD65}.Release|Any CPU.Build.0 = Release|Any CPU
	EndGlobalSection
	GlobalSection(SolutionProperties) = preSolution
		HideSolutionNode = FALSE
	EndGlobalSection
	GlobalSection(ExtensibilityGlobals) = postSolution
		SolutionGuid = {5A651BB4-5CBD-4B28-9627-89A7C8E8F5D9}
	EndGlobalSection
EndGlobal
